// !$*UTF8*$!
{
	archiveVersion = 1;
	classes = {
	};
	objectVersion = 50;
	objects = {

/* Begin PBXBuildFile section */
		5D0FC21524A02FB600353563 /* UPDialogGameNote.mm in Sources */ = {isa = PBXBuildFile; fileRef = 5D0FC21424A02FB600353563 /* UPDialogGameNote.mm */; };
		5D0FC21C24A125D000353563 /* UPCheckbox.mm in Sources */ = {isa = PBXBuildFile; fileRef = 5D0FC21A24A125D000353563 /* UPCheckbox.mm */; };
		5D0FC21E24A130D700353563 /* MalloryCond-Black.otf in Resources */ = {isa = PBXBuildFile; fileRef = 5D0FC21D24A130D700353563 /* MalloryCond-Black.otf */; };
		5D0FC22124A168AC00353563 /* UPHueWheel.mm in Sources */ = {isa = PBXBuildFile; fileRef = 5D0FC22024A168AC00353563 /* UPHueWheel.mm */; };
		5D0FC22724A278D300353563 /* UPStepper.mm in Sources */ = {isa = PBXBuildFile; fileRef = 5D0FC22624A278D300353563 /* UPStepper.mm */; };
		5D0FC22924A2A4C400353563 /* MalloryCond-BoldItalic.otf in Resources */ = {isa = PBXBuildFile; fileRef = 5D0FC22824A2A4C400353563 /* MalloryCond-BoldItalic.otf */; };
		5D0FC22C24A2A5C300353563 /* UPSpellSettings.mm in Sources */ = {isa = PBXBuildFile; fileRef = 5D0FC22B24A2A5C300353563 /* UPSpellSettings.mm */; };
		5D4AE825248BDED200213904 /* UPSpellExtrasController.mm in Sources */ = {isa = PBXBuildFile; fileRef = 5D4AE824248BDED200213904 /* UPSpellExtrasController.mm */; };
		5D4AE828248BDF2300213904 /* UPSpellAboutController.mm in Sources */ = {isa = PBXBuildFile; fileRef = 5D4AE827248BDF2300213904 /* UPSpellAboutController.mm */; };
		5D4AE82A248ED25500213904 /* UPDialogMenu.mm in Sources */ = {isa = PBXBuildFile; fileRef = 5D4AE829248ED25500213904 /* UPDialogMenu.mm */; };
		5D5216EB246C7E9E005A2E9F /* UPSpellLayout.mm in Sources */ = {isa = PBXBuildFile; fileRef = 5D5216E9246C7E9E005A2E9F /* UPSpellLayout.mm */; };
		5D54078424841631003F193D /* UPSpellNavigationController.mm in Sources */ = {isa = PBXBuildFile; fileRef = 5D54078324841631003F193D /* UPSpellNavigationController.mm */; };
		5D57D1FC246DB9AF00705395 /* UPControl+UPSpell.mm in Sources */ = {isa = PBXBuildFile; fileRef = 5D57D1FB246DB9AF00705395 /* UPControl+UPSpell.mm */; };
		5D5EA1422485B49E006264D2 /* UPDialogPause.mm in Sources */ = {isa = PBXBuildFile; fileRef = 5D5EA1412485B49E006264D2 /* UPDialogPause.mm */; };
		5D5EA1452485B820006264D2 /* UPTextPaths.mm in Sources */ = {isa = PBXBuildFile; fileRef = 5D5EA1442485B820006264D2 /* UPTextPaths.mm */; };
		5D5EA1482486A1D2006264D2 /* UPDialogGameOver.mm in Sources */ = {isa = PBXBuildFile; fileRef = 5D5EA1472486A1D2006264D2 /* UPDialogGameOver.mm */; };
		5D5EA14C248702BF006264D2 /* MalloryCond-BlackItalic.otf in Resources */ = {isa = PBXBuildFile; fileRef = 5D5EA14A24870128006264D2 /* MalloryCond-BlackItalic.otf */; };
		5D723121246B3996006027A3 /* UIFont+UPSpell.mm in Sources */ = {isa = PBXBuildFile; fileRef = 5D723120246B3996006027A3 /* UIFont+UPSpell.mm */; };
		5DA8E0442476BF41008D3015 /* UPTileView.mm in Sources */ = {isa = PBXBuildFile; fileRef = 5DA8E0432476BF41008D3015 /* UPTileView.mm */; };
		5DA8E079247D723A008D3015 /* UPSpellModel.mm in Sources */ = {isa = PBXBuildFile; fileRef = 5DA8E078247D723A008D3015 /* UPSpellModel.mm */; };
		5DB9B1A9248702D400A4AAA8 /* MalloryNrrw-Bold.otf in Resources */ = {isa = PBXBuildFile; fileRef = 5D5EA14B2487025F006264D2 /* MalloryNrrw-Bold.otf */; };
		5DB9B1AC248705FA00A4AAA8 /* UPSpellGameView.mm in Sources */ = {isa = PBXBuildFile; fileRef = 5DB9B1AB248705FA00A4AAA8 /* UPSpellGameView.mm */; };
		5DC67DF22472FDCB009BCDBB /* UPTilePaths.mm in Sources */ = {isa = PBXBuildFile; fileRef = 5DC67DF02472FDCB009BCDBB /* UPTilePaths.mm */; };
		5DF9DF5C2466165700B2199D /* UPAppDelegate.mm in Sources */ = {isa = PBXBuildFile; fileRef = 5DF9DF5B2466165700B2199D /* UPAppDelegate.mm */; };
		5DF9DF5F2466165700B2199D /* UPSceneDelegate.mm in Sources */ = {isa = PBXBuildFile; fileRef = 5DF9DF5E2466165700B2199D /* UPSceneDelegate.mm */; };
		5DF9DF622466165700B2199D /* UPSpellGameController.mm in Sources */ = {isa = PBXBuildFile; fileRef = 5DF9DF612466165700B2199D /* UPSpellGameController.mm */; };
		5DF9DF652466165700B2199D /* Main.storyboard in Resources */ = {isa = PBXBuildFile; fileRef = 5DF9DF632466165700B2199D /* Main.storyboard */; };
		5DF9DF672466165800B2199D /* Assets.xcassets in Resources */ = {isa = PBXBuildFile; fileRef = 5DF9DF662466165800B2199D /* Assets.xcassets */; };
		5DF9DF6A2466165800B2199D /* LaunchScreen.storyboard in Resources */ = {isa = PBXBuildFile; fileRef = 5DF9DF682466165800B2199D /* LaunchScreen.storyboard */; };
		5DF9DF6D2466165800B2199D /* main.m in Sources */ = {isa = PBXBuildFile; fileRef = 5DF9DF6C2466165800B2199D /* main.m */; };
		5DF9DF772466165800B2199D /* UPSpellTests.m in Sources */ = {isa = PBXBuildFile; fileRef = 5DF9DF762466165800B2199D /* UPSpellTests.m */; };
		5DF9DF8C2466168500B2199D /* UpKit.framework in Frameworks */ = {isa = PBXBuildFile; fileRef = 5DF9DF8B2466168500B2199D /* UpKit.framework */; };
		5DF9DF8D2466168500B2199D /* UpKit.framework in Embed Frameworks */ = {isa = PBXBuildFile; fileRef = 5DF9DF8B2466168500B2199D /* UpKit.framework */; settings = {ATTRIBUTES = (CodeSignOnCopy, RemoveHeadersOnCopy, ); }; };
/* End PBXBuildFile section */

/* Begin PBXContainerItemProxy section */
		5DF9DF732466165800B2199D /* PBXContainerItemProxy */ = {
			isa = PBXContainerItemProxy;
			containerPortal = 5DF9DF4F2466165700B2199D /* Project object */;
			proxyType = 1;
			remoteGlobalIDString = 5DF9DF562466165700B2199D;
			remoteInfo = UPSpell;
		};
/* End PBXContainerItemProxy section */

/* Begin PBXCopyFilesBuildPhase section */
		5DF9DF8E2466168500B2199D /* Embed Frameworks */ = {
			isa = PBXCopyFilesBuildPhase;
			buildActionMask = 2147483647;
			dstPath = "";
			dstSubfolderSpec = 10;
			files = (
				5DF9DF8D2466168500B2199D /* UpKit.framework in Embed Frameworks */,
			);
			name = "Embed Frameworks";
			runOnlyForDeploymentPostprocessing = 0;
		};
/* End PBXCopyFilesBuildPhase section */

/* Begin PBXFileReference section */
		5D0FC21324A02FB600353563 /* UPDialogGameNote.h */ = {isa = PBXFileReference; lastKnownFileType = sourcecode.c.h; path = UPDialogGameNote.h; sourceTree = "<group>"; };
		5D0FC21424A02FB600353563 /* UPDialogGameNote.mm */ = {isa = PBXFileReference; lastKnownFileType = sourcecode.cpp.objcpp; path = UPDialogGameNote.mm; sourceTree = "<group>"; };
		5D0FC21A24A125D000353563 /* UPCheckbox.mm */ = {isa = PBXFileReference; fileEncoding = 4; lastKnownFileType = sourcecode.cpp.objcpp; path = UPCheckbox.mm; sourceTree = "<group>"; };
		5D0FC21B24A125D000353563 /* UPCheckbox.h */ = {isa = PBXFileReference; fileEncoding = 4; lastKnownFileType = sourcecode.c.h; path = UPCheckbox.h; sourceTree = "<group>"; };
		5D0FC21D24A130D700353563 /* MalloryCond-Black.otf */ = {isa = PBXFileReference; lastKnownFileType = file; path = "MalloryCond-Black.otf"; sourceTree = "<group>"; };
		5D0FC21F24A168AC00353563 /* UPHueWheel.h */ = {isa = PBXFileReference; lastKnownFileType = sourcecode.c.h; path = UPHueWheel.h; sourceTree = "<group>"; };
		5D0FC22024A168AC00353563 /* UPHueWheel.mm */ = {isa = PBXFileReference; lastKnownFileType = sourcecode.cpp.objcpp; path = UPHueWheel.mm; sourceTree = "<group>"; };
		5D0FC22524A278D300353563 /* UPStepper.h */ = {isa = PBXFileReference; lastKnownFileType = sourcecode.c.h; path = UPStepper.h; sourceTree = "<group>"; };
		5D0FC22624A278D300353563 /* UPStepper.mm */ = {isa = PBXFileReference; lastKnownFileType = sourcecode.cpp.objcpp; path = UPStepper.mm; sourceTree = "<group>"; };
		5D0FC22824A2A4C400353563 /* MalloryCond-BoldItalic.otf */ = {isa = PBXFileReference; lastKnownFileType = file; path = "MalloryCond-BoldItalic.otf"; sourceTree = "<group>"; };
		5D0FC22A24A2A5C300353563 /* UPSpellSettings.h */ = {isa = PBXFileReference; lastKnownFileType = sourcecode.c.h; path = UPSpellSettings.h; sourceTree = "<group>"; };
		5D0FC22B24A2A5C300353563 /* UPSpellSettings.mm */ = {isa = PBXFileReference; lastKnownFileType = sourcecode.cpp.objcpp; path = UPSpellSettings.mm; sourceTree = "<group>"; };
		5D34613624887918009FB46D /* UPViewMove+UPSpell.h */ = {isa = PBXFileReference; fileEncoding = 4; lastKnownFileType = sourcecode.c.h; path = "UPViewMove+UPSpell.h"; sourceTree = "<group>"; };
		5D4AE823248BDED200213904 /* UPSpellExtrasController.h */ = {isa = PBXFileReference; lastKnownFileType = sourcecode.c.h; path = UPSpellExtrasController.h; sourceTree = "<group>"; };
		5D4AE824248BDED200213904 /* UPSpellExtrasController.mm */ = {isa = PBXFileReference; lastKnownFileType = sourcecode.cpp.objcpp; path = UPSpellExtrasController.mm; sourceTree = "<group>"; };
		5D4AE826248BDF2300213904 /* UPSpellAboutController.h */ = {isa = PBXFileReference; fileEncoding = 4; lastKnownFileType = sourcecode.c.h; path = UPSpellAboutController.h; sourceTree = "<group>"; };
		5D4AE827248BDF2300213904 /* UPSpellAboutController.mm */ = {isa = PBXFileReference; fileEncoding = 4; lastKnownFileType = sourcecode.cpp.objcpp; path = UPSpellAboutController.mm; sourceTree = "<group>"; };
		5D4AE829248ED25500213904 /* UPDialogMenu.mm */ = {isa = PBXFileReference; fileEncoding = 4; lastKnownFileType = sourcecode.cpp.objcpp; path = UPDialogMenu.mm; sourceTree = "<group>"; };
		5D5216E9246C7E9E005A2E9F /* UPSpellLayout.mm */ = {isa = PBXFileReference; lastKnownFileType = sourcecode.cpp.objcpp; path = UPSpellLayout.mm; sourceTree = "<group>"; };
		5D5216EA246C7E9E005A2E9F /* UPSpellLayout.h */ = {isa = PBXFileReference; lastKnownFileType = sourcecode.c.h; path = UPSpellLayout.h; sourceTree = "<group>"; };
		5D54078224841631003F193D /* UPSpellNavigationController.h */ = {isa = PBXFileReference; lastKnownFileType = sourcecode.c.h; path = UPSpellNavigationController.h; sourceTree = "<group>"; };
		5D54078324841631003F193D /* UPSpellNavigationController.mm */ = {isa = PBXFileReference; lastKnownFileType = sourcecode.cpp.objcpp; path = UPSpellNavigationController.mm; sourceTree = "<group>"; };
		5D544C0F248805F5001FA8DF /* UPDialogMenu.h */ = {isa = PBXFileReference; fileEncoding = 4; lastKnownFileType = sourcecode.c.h; path = UPDialogMenu.h; sourceTree = "<group>"; };
		5D57D1FA246DB97700705395 /* UPControl+UPSpell.h */ = {isa = PBXFileReference; lastKnownFileType = sourcecode.c.h; path = "UPControl+UPSpell.h"; sourceTree = "<group>"; };
		5D57D1FB246DB9AF00705395 /* UPControl+UPSpell.mm */ = {isa = PBXFileReference; fileEncoding = 4; lastKnownFileType = sourcecode.cpp.objcpp; path = "UPControl+UPSpell.mm"; sourceTree = "<group>"; };
		5D5EA1402485B49E006264D2 /* UPDialogPause.h */ = {isa = PBXFileReference; lastKnownFileType = sourcecode.c.h; path = UPDialogPause.h; sourceTree = "<group>"; };
		5D5EA1412485B49E006264D2 /* UPDialogPause.mm */ = {isa = PBXFileReference; lastKnownFileType = sourcecode.cpp.objcpp; path = UPDialogPause.mm; sourceTree = "<group>"; };
		5D5EA1432485B820006264D2 /* UPTextPaths.h */ = {isa = PBXFileReference; lastKnownFileType = sourcecode.c.h; path = UPTextPaths.h; sourceTree = "<group>"; };
		5D5EA1442485B820006264D2 /* UPTextPaths.mm */ = {isa = PBXFileReference; lastKnownFileType = sourcecode.cpp.objcpp; path = UPTextPaths.mm; sourceTree = "<group>"; };
		5D5EA1462486A1D2006264D2 /* UPDialogGameOver.h */ = {isa = PBXFileReference; fileEncoding = 4; lastKnownFileType = sourcecode.c.h; path = UPDialogGameOver.h; sourceTree = "<group>"; };
		5D5EA1472486A1D2006264D2 /* UPDialogGameOver.mm */ = {isa = PBXFileReference; fileEncoding = 4; lastKnownFileType = sourcecode.cpp.objcpp; path = UPDialogGameOver.mm; sourceTree = "<group>"; };
		5D5EA14A24870128006264D2 /* MalloryCond-BlackItalic.otf */ = {isa = PBXFileReference; lastKnownFileType = file; path = "MalloryCond-BlackItalic.otf"; sourceTree = "<group>"; };
		5D5EA14B2487025F006264D2 /* MalloryNrrw-Bold.otf */ = {isa = PBXFileReference; lastKnownFileType = file; path = "MalloryNrrw-Bold.otf"; sourceTree = "<group>"; };
		5D723114246B34C0006027A3 /* UPTileView.h */ = {isa = PBXFileReference; lastKnownFileType = sourcecode.c.h; path = UPTileView.h; sourceTree = "<group>"; };
		5D72311F246B3917006027A3 /* UIFont+UPSpell.h */ = {isa = PBXFileReference; lastKnownFileType = sourcecode.c.h; path = "UIFont+UPSpell.h"; sourceTree = "<group>"; };
		5D723120246B3996006027A3 /* UIFont+UPSpell.mm */ = {isa = PBXFileReference; fileEncoding = 4; lastKnownFileType = sourcecode.cpp.objcpp; path = "UIFont+UPSpell.mm"; sourceTree = "<group>"; };
		5DA8E0422476128C008D3015 /* UPTileModel.h */ = {isa = PBXFileReference; fileEncoding = 4; lastKnownFileType = sourcecode.c.h; path = UPTileModel.h; sourceTree = "<group>"; };
		5DA8E0432476BF41008D3015 /* UPTileView.mm */ = {isa = PBXFileReference; fileEncoding = 4; lastKnownFileType = sourcecode.cpp.objcpp; path = UPTileView.mm; sourceTree = "<group>"; };
		5DA8E04524775A2E008D3015 /* UPTileSequence.h */ = {isa = PBXFileReference; lastKnownFileType = sourcecode.c.h; path = UPTileSequence.h; sourceTree = "<group>"; };
		5DA8E077247D723A008D3015 /* UPSpellModel.h */ = {isa = PBXFileReference; fileEncoding = 4; lastKnownFileType = sourcecode.c.h; path = UPSpellModel.h; sourceTree = "<group>"; };
		5DA8E078247D723A008D3015 /* UPSpellModel.mm */ = {isa = PBXFileReference; fileEncoding = 4; lastKnownFileType = sourcecode.cpp.objcpp; path = UPSpellModel.mm; sourceTree = "<group>"; };
		5DB9B1AA248705FA00A4AAA8 /* UPSpellGameView.h */ = {isa = PBXFileReference; lastKnownFileType = sourcecode.c.h; path = UPSpellGameView.h; sourceTree = "<group>"; };
		5DB9B1AB248705FA00A4AAA8 /* UPSpellGameView.mm */ = {isa = PBXFileReference; lastKnownFileType = sourcecode.cpp.objcpp; path = UPSpellGameView.mm; sourceTree = "<group>"; };
		5DBC20C12497B9AD002A6ADC /* UPMode.h */ = {isa = PBXFileReference; lastKnownFileType = sourcecode.c.h; path = UPMode.h; sourceTree = "<group>"; };
		5DC67DF02472FDCB009BCDBB /* UPTilePaths.mm */ = {isa = PBXFileReference; lastKnownFileType = sourcecode.cpp.objcpp; path = UPTilePaths.mm; sourceTree = "<group>"; };
		5DC67DF12472FDCB009BCDBB /* UPTilePaths.h */ = {isa = PBXFileReference; lastKnownFileType = sourcecode.c.h; path = UPTilePaths.h; sourceTree = "<group>"; };
		5DC67DF32473001B009BCDBB /* UPTilePaths-private.mm */ = {isa = PBXFileReference; lastKnownFileType = sourcecode.cpp.objcpp; path = "UPTilePaths-private.mm"; sourceTree = "<group>"; };
		5DC67DF424730207009BCDBB /* UPSpellMacros.h */ = {isa = PBXFileReference; lastKnownFileType = sourcecode.c.h; path = UPSpellMacros.h; sourceTree = "<group>"; };
		5DF9DF572466165700B2199D /* UP Spell.app */ = {isa = PBXFileReference; explicitFileType = wrapper.application; includeInIndex = 0; path = "UP Spell.app"; sourceTree = BUILT_PRODUCTS_DIR; };
		5DF9DF5A2466165700B2199D /* UPAppDelegate.h */ = {isa = PBXFileReference; lastKnownFileType = sourcecode.c.h; path = UPAppDelegate.h; sourceTree = "<group>"; };
		5DF9DF5B2466165700B2199D /* UPAppDelegate.mm */ = {isa = PBXFileReference; lastKnownFileType = sourcecode.cpp.objcpp; path = UPAppDelegate.mm; sourceTree = "<group>"; };
		5DF9DF5D2466165700B2199D /* UPSceneDelegate.h */ = {isa = PBXFileReference; lastKnownFileType = sourcecode.c.h; path = UPSceneDelegate.h; sourceTree = "<group>"; };
		5DF9DF5E2466165700B2199D /* UPSceneDelegate.mm */ = {isa = PBXFileReference; lastKnownFileType = sourcecode.cpp.objcpp; path = UPSceneDelegate.mm; sourceTree = "<group>"; };
		5DF9DF602466165700B2199D /* UPSpellGameController.h */ = {isa = PBXFileReference; lastKnownFileType = sourcecode.c.h; path = UPSpellGameController.h; sourceTree = "<group>"; };
		5DF9DF612466165700B2199D /* UPSpellGameController.mm */ = {isa = PBXFileReference; lastKnownFileType = sourcecode.cpp.objcpp; path = UPSpellGameController.mm; sourceTree = "<group>"; };
		5DF9DF642466165700B2199D /* Base */ = {isa = PBXFileReference; lastKnownFileType = file.storyboard; name = Base; path = Base.lproj/Main.storyboard; sourceTree = "<group>"; };
		5DF9DF662466165800B2199D /* Assets.xcassets */ = {isa = PBXFileReference; lastKnownFileType = folder.assetcatalog; path = Assets.xcassets; sourceTree = "<group>"; };
		5DF9DF692466165800B2199D /* Base */ = {isa = PBXFileReference; lastKnownFileType = file.storyboard; name = Base; path = Base.lproj/LaunchScreen.storyboard; sourceTree = "<group>"; };
		5DF9DF6B2466165800B2199D /* Info.plist */ = {isa = PBXFileReference; lastKnownFileType = text.plist.xml; path = Info.plist; sourceTree = "<group>"; };
		5DF9DF6C2466165800B2199D /* main.m */ = {isa = PBXFileReference; lastKnownFileType = sourcecode.c.objc; path = main.m; sourceTree = "<group>"; };
		5DF9DF722466165800B2199D /* UPSpellTests.xctest */ = {isa = PBXFileReference; explicitFileType = wrapper.cfbundle; includeInIndex = 0; path = UPSpellTests.xctest; sourceTree = BUILT_PRODUCTS_DIR; };
		5DF9DF762466165800B2199D /* UPSpellTests.m */ = {isa = PBXFileReference; lastKnownFileType = sourcecode.c.objc; path = UPSpellTests.m; sourceTree = "<group>"; };
		5DF9DF782466165800B2199D /* Info.plist */ = {isa = PBXFileReference; lastKnownFileType = text.plist.xml; path = Info.plist; sourceTree = "<group>"; };
		5DF9DF8B2466168500B2199D /* UpKit.framework */ = {isa = PBXFileReference; explicitFileType = wrapper.framework; path = UpKit.framework; sourceTree = BUILT_PRODUCTS_DIR; };
/* End PBXFileReference section */

/* Begin PBXFrameworksBuildPhase section */
		5DF9DF542466165700B2199D /* Frameworks */ = {
			isa = PBXFrameworksBuildPhase;
			buildActionMask = 2147483647;
			files = (
				5DF9DF8C2466168500B2199D /* UpKit.framework in Frameworks */,
			);
			runOnlyForDeploymentPostprocessing = 0;
		};
		5DF9DF6F2466165800B2199D /* Frameworks */ = {
			isa = PBXFrameworksBuildPhase;
			buildActionMask = 2147483647;
			files = (
			);
			runOnlyForDeploymentPostprocessing = 0;
		};
/* End PBXFrameworksBuildPhase section */

/* Begin PBXGroup section */
		5D723117246B3678006027A3 /* Code */ = {
			isa = PBXGroup;
			children = (
				5D72311F246B3917006027A3 /* UIFont+UPSpell.h */,
				5D723120246B3996006027A3 /* UIFont+UPSpell.mm */,
				5DF9DF5A2466165700B2199D /* UPAppDelegate.h */,
				5DF9DF5B2466165700B2199D /* UPAppDelegate.mm */,
				5D0FC21B24A125D000353563 /* UPCheckbox.h */,
				5D0FC21A24A125D000353563 /* UPCheckbox.mm */,
				5D57D1FA246DB97700705395 /* UPControl+UPSpell.h */,
				5D57D1FB246DB9AF00705395 /* UPControl+UPSpell.mm */,
				5D0FC21324A02FB600353563 /* UPDialogGameNote.h */,
				5D0FC21424A02FB600353563 /* UPDialogGameNote.mm */,
				5D5EA1462486A1D2006264D2 /* UPDialogGameOver.h */,
				5D5EA1472486A1D2006264D2 /* UPDialogGameOver.mm */,
				5D544C0F248805F5001FA8DF /* UPDialogMenu.h */,
				5D4AE829248ED25500213904 /* UPDialogMenu.mm */,
				5D5EA1402485B49E006264D2 /* UPDialogPause.h */,
				5D5EA1412485B49E006264D2 /* UPDialogPause.mm */,
				5D0FC21F24A168AC00353563 /* UPHueWheel.h */,
				5D0FC22024A168AC00353563 /* UPHueWheel.mm */,
				5DBC20C12497B9AD002A6ADC /* UPMode.h */,
				5DF9DF5D2466165700B2199D /* UPSceneDelegate.h */,
				5DF9DF5E2466165700B2199D /* UPSceneDelegate.mm */,
				5D4AE826248BDF2300213904 /* UPSpellAboutController.h */,
				5D4AE827248BDF2300213904 /* UPSpellAboutController.mm */,
				5D4AE823248BDED200213904 /* UPSpellExtrasController.h */,
				5D4AE824248BDED200213904 /* UPSpellExtrasController.mm */,
				5DF9DF602466165700B2199D /* UPSpellGameController.h */,
				5DF9DF612466165700B2199D /* UPSpellGameController.mm */,
				5DB9B1AA248705FA00A4AAA8 /* UPSpellGameView.h */,
				5DB9B1AB248705FA00A4AAA8 /* UPSpellGameView.mm */,
				5D5216EA246C7E9E005A2E9F /* UPSpellLayout.h */,
				5D5216E9246C7E9E005A2E9F /* UPSpellLayout.mm */,
				5DC67DF424730207009BCDBB /* UPSpellMacros.h */,
				5DA8E077247D723A008D3015 /* UPSpellModel.h */,
				5DA8E078247D723A008D3015 /* UPSpellModel.mm */,
				5D54078224841631003F193D /* UPSpellNavigationController.h */,
				5D54078324841631003F193D /* UPSpellNavigationController.mm */,
				5D0FC22A24A2A5C300353563 /* UPSpellSettings.h */,
				5D0FC22B24A2A5C300353563 /* UPSpellSettings.mm */,
				5D0FC22524A278D300353563 /* UPStepper.h */,
				5D0FC22624A278D300353563 /* UPStepper.mm */,
				5D5EA1432485B820006264D2 /* UPTextPaths.h */,
				5D5EA1442485B820006264D2 /* UPTextPaths.mm */,
				5DA8E0422476128C008D3015 /* UPTileModel.h */,
				5DC67DF32473001B009BCDBB /* UPTilePaths-private.mm */,
				5DC67DF12472FDCB009BCDBB /* UPTilePaths.h */,
				5DC67DF02472FDCB009BCDBB /* UPTilePaths.mm */,
				5DA8E04524775A2E008D3015 /* UPTileSequence.h */,
				5D723114246B34C0006027A3 /* UPTileView.h */,
				5DA8E0432476BF41008D3015 /* UPTileView.mm */,
				5D34613624887918009FB46D /* UPViewMove+UPSpell.h */,
			);
			path = Code;
			sourceTree = "<group>";
		};
		5D723118246B3694006027A3 /* Fonts */ = {
			isa = PBXGroup;
			children = (
				5D0FC21D24A130D700353563 /* MalloryCond-Black.otf */,
				5D5EA14A24870128006264D2 /* MalloryCond-BlackItalic.otf */,
				5D5EA14B2487025F006264D2 /* MalloryNrrw-Bold.otf */,
				5D0FC22824A2A4C400353563 /* MalloryCond-BoldItalic.otf */,
			);
			path = Fonts;
			sourceTree = "<group>";
		};
		5DF9DF4E2466165700B2199D = {
			isa = PBXGroup;
			children = (
				5DF9DF592466165700B2199D /* UPSpell */,
				5DF9DF752466165800B2199D /* UPSpellTests */,
				5DF9DF582466165700B2199D /* Products */,
				5DF9DF8A2466168500B2199D /* Frameworks */,
			);
			sourceTree = "<group>";
		};
		5DF9DF582466165700B2199D /* Products */ = {
			isa = PBXGroup;
			children = (
				5DF9DF572466165700B2199D /* UP Spell.app */,
				5DF9DF722466165800B2199D /* UPSpellTests.xctest */,
			);
			name = Products;
			sourceTree = "<group>";
		};
		5DF9DF592466165700B2199D /* UPSpell */ = {
			isa = PBXGroup;
			children = (
				5D723117246B3678006027A3 /* Code */,
				5D723118246B3694006027A3 /* Fonts */,
				5DF9DF662466165800B2199D /* Assets.xcassets */,
				5DF9DF6B2466165800B2199D /* Info.plist */,
				5DF9DF682466165800B2199D /* LaunchScreen.storyboard */,
				5DF9DF6C2466165800B2199D /* main.m */,
				5DF9DF632466165700B2199D /* Main.storyboard */,
			);
			path = UPSpell;
			sourceTree = "<group>";
		};
		5DF9DF752466165800B2199D /* UPSpellTests */ = {
			isa = PBXGroup;
			children = (
				5DF9DF762466165800B2199D /* UPSpellTests.m */,
				5DF9DF782466165800B2199D /* Info.plist */,
			);
			path = UPSpellTests;
			sourceTree = "<group>";
		};
		5DF9DF8A2466168500B2199D /* Frameworks */ = {
			isa = PBXGroup;
			children = (
				5DF9DF8B2466168500B2199D /* UpKit.framework */,
			);
			name = Frameworks;
			sourceTree = "<group>";
		};
/* End PBXGroup section */

/* Begin PBXNativeTarget section */
		5DF9DF562466165700B2199D /* UPSpell */ = {
			isa = PBXNativeTarget;
			buildConfigurationList = 5DF9DF7B2466165800B2199D /* Build configuration list for PBXNativeTarget "UPSpell" */;
			buildPhases = (
				5DF9DF532466165700B2199D /* Sources */,
				5DF9DF542466165700B2199D /* Frameworks */,
				5DF9DF552466165700B2199D /* Resources */,
				5DF9DF8E2466168500B2199D /* Embed Frameworks */,
			);
			buildRules = (
			);
			dependencies = (
			);
			name = UPSpell;
			productName = UPSpell;
			productReference = 5DF9DF572466165700B2199D /* UP Spell.app */;
			productType = "com.apple.product-type.application";
		};
		5DF9DF712466165800B2199D /* UPSpellTests */ = {
			isa = PBXNativeTarget;
			buildConfigurationList = 5DF9DF7E2466165800B2199D /* Build configuration list for PBXNativeTarget "UPSpellTests" */;
			buildPhases = (
				5DF9DF6E2466165800B2199D /* Sources */,
				5DF9DF6F2466165800B2199D /* Frameworks */,
				5DF9DF702466165800B2199D /* Resources */,
			);
			buildRules = (
			);
			dependencies = (
				5DF9DF742466165800B2199D /* PBXTargetDependency */,
			);
			name = UPSpellTests;
			productName = UPSpellTests;
			productReference = 5DF9DF722466165800B2199D /* UPSpellTests.xctest */;
			productType = "com.apple.product-type.bundle.unit-test";
		};
/* End PBXNativeTarget section */

/* Begin PBXProject section */
		5DF9DF4F2466165700B2199D /* Project object */ = {
			isa = PBXProject;
			attributes = {
				LastUpgradeCheck = 1140;
				ORGANIZATIONNAME = "Up-Games";
				TargetAttributes = {
					5DF9DF562466165700B2199D = {
						CreatedOnToolsVersion = 11.4.1;
					};
					5DF9DF712466165800B2199D = {
						CreatedOnToolsVersion = 11.4.1;
						TestTargetID = 5DF9DF562466165700B2199D;
					};
				};
			};
			buildConfigurationList = 5DF9DF522466165700B2199D /* Build configuration list for PBXProject "UPSpell" */;
			compatibilityVersion = "Xcode 9.3";
			developmentRegion = en;
			hasScannedForEncodings = 0;
			knownRegions = (
				en,
				Base,
			);
			mainGroup = 5DF9DF4E2466165700B2199D;
			productRefGroup = 5DF9DF582466165700B2199D /* Products */;
			projectDirPath = "";
			projectRoot = "";
			targets = (
				5DF9DF562466165700B2199D /* UPSpell */,
				5DF9DF712466165800B2199D /* UPSpellTests */,
			);
		};
/* End PBXProject section */

/* Begin PBXResourcesBuildPhase section */
		5DF9DF552466165700B2199D /* Resources */ = {
			isa = PBXResourcesBuildPhase;
			buildActionMask = 2147483647;
			files = (
				5D0FC21E24A130D700353563 /* MalloryCond-Black.otf in Resources */,
				5DF9DF6A2466165800B2199D /* LaunchScreen.storyboard in Resources */,
				5DB9B1A9248702D400A4AAA8 /* MalloryNrrw-Bold.otf in Resources */,
				5D0FC22924A2A4C400353563 /* MalloryCond-BoldItalic.otf in Resources */,
				5DF9DF672466165800B2199D /* Assets.xcassets in Resources */,
				5D5EA14C248702BF006264D2 /* MalloryCond-BlackItalic.otf in Resources */,
				5DF9DF652466165700B2199D /* Main.storyboard in Resources */,
			);
			runOnlyForDeploymentPostprocessing = 0;
		};
		5DF9DF702466165800B2199D /* Resources */ = {
			isa = PBXResourcesBuildPhase;
			buildActionMask = 2147483647;
			files = (
			);
			runOnlyForDeploymentPostprocessing = 0;
		};
/* End PBXResourcesBuildPhase section */

/* Begin PBXSourcesBuildPhase section */
		5DF9DF532466165700B2199D /* Sources */ = {
			isa = PBXSourcesBuildPhase;
			buildActionMask = 2147483647;
			files = (
				5DC67DF22472FDCB009BCDBB /* UPTilePaths.mm in Sources */,
				5D723121246B3996006027A3 /* UIFont+UPSpell.mm in Sources */,
				5D0FC22C24A2A5C300353563 /* UPSpellSettings.mm in Sources */,
				5DF9DF622466165700B2199D /* UPSpellGameController.mm in Sources */,
				5DF9DF5C2466165700B2199D /* UPAppDelegate.mm in Sources */,
				5D54078424841631003F193D /* UPSpellNavigationController.mm in Sources */,
				5DB9B1AC248705FA00A4AAA8 /* UPSpellGameView.mm in Sources */,
				5D5EA1422485B49E006264D2 /* UPDialogPause.mm in Sources */,
				5DF9DF6D2466165800B2199D /* main.m in Sources */,
				5DA8E079247D723A008D3015 /* UPSpellModel.mm in Sources */,
				5D5EA1482486A1D2006264D2 /* UPDialogGameOver.mm in Sources */,
				5D5216EB246C7E9E005A2E9F /* UPSpellLayout.mm in Sources */,
				5D4AE82A248ED25500213904 /* UPDialogMenu.mm in Sources */,
				5DA8E0442476BF41008D3015 /* UPTileView.mm in Sources */,
				5D0FC22124A168AC00353563 /* UPHueWheel.mm in Sources */,
				5D0FC21C24A125D000353563 /* UPCheckbox.mm in Sources */,
				5D0FC22724A278D300353563 /* UPStepper.mm in Sources */,
				5D4AE828248BDF2300213904 /* UPSpellAboutController.mm in Sources */,
				5D0FC21524A02FB600353563 /* UPDialogGameNote.mm in Sources */,
				5D5EA1452485B820006264D2 /* UPTextPaths.mm in Sources */,
				5D57D1FC246DB9AF00705395 /* UPControl+UPSpell.mm in Sources */,
				5D4AE825248BDED200213904 /* UPSpellExtrasController.mm in Sources */,
				5DF9DF5F2466165700B2199D /* UPSceneDelegate.mm in Sources */,
			);
			runOnlyForDeploymentPostprocessing = 0;
		};
		5DF9DF6E2466165800B2199D /* Sources */ = {
			isa = PBXSourcesBuildPhase;
			buildActionMask = 2147483647;
			files = (
				5DF9DF772466165800B2199D /* UPSpellTests.m in Sources */,
			);
			runOnlyForDeploymentPostprocessing = 0;
		};
/* End PBXSourcesBuildPhase section */

/* Begin PBXTargetDependency section */
		5DF9DF742466165800B2199D /* PBXTargetDependency */ = {
			isa = PBXTargetDependency;
			target = 5DF9DF562466165700B2199D /* UPSpell */;
			targetProxy = 5DF9DF732466165800B2199D /* PBXContainerItemProxy */;
		};
/* End PBXTargetDependency section */

/* Begin PBXVariantGroup section */
		5DF9DF632466165700B2199D /* Main.storyboard */ = {
			isa = PBXVariantGroup;
			children = (
				5DF9DF642466165700B2199D /* Base */,
			);
			name = Main.storyboard;
			sourceTree = "<group>";
		};
		5DF9DF682466165800B2199D /* LaunchScreen.storyboard */ = {
			isa = PBXVariantGroup;
			children = (
				5DF9DF692466165800B2199D /* Base */,
			);
			name = LaunchScreen.storyboard;
			sourceTree = "<group>";
		};
/* End PBXVariantGroup section */

/* Begin XCBuildConfiguration section */
		5DF9DF792466165800B2199D /* Debug */ = {
			isa = XCBuildConfiguration;
			buildSettings = {
				ALWAYS_SEARCH_USER_PATHS = NO;
				CLANG_ANALYZER_NONNULL = YES;
				CLANG_ANALYZER_NUMBER_OBJECT_CONVERSION = YES_AGGRESSIVE;
				CLANG_CXX_LANGUAGE_STANDARD = "gnu++14";
				CLANG_CXX_LIBRARY = "libc++";
				CLANG_ENABLE_MODULES = YES;
				CLANG_ENABLE_OBJC_ARC = YES;
				CLANG_ENABLE_OBJC_WEAK = YES;
				CLANG_WARN_BLOCK_CAPTURE_AUTORELEASING = YES;
				CLANG_WARN_BOOL_CONVERSION = YES;
				CLANG_WARN_COMMA = YES;
				CLANG_WARN_CONSTANT_CONVERSION = YES;
				CLANG_WARN_DEPRECATED_OBJC_IMPLEMENTATIONS = YES;
				CLANG_WARN_DIRECT_OBJC_ISA_USAGE = YES_ERROR;
				CLANG_WARN_DOCUMENTATION_COMMENTS = YES;
				CLANG_WARN_EMPTY_BODY = YES;
				CLANG_WARN_ENUM_CONVERSION = YES;
				CLANG_WARN_INFINITE_RECURSION = YES;
				CLANG_WARN_INT_CONVERSION = YES;
				CLANG_WARN_NON_LITERAL_NULL_CONVERSION = YES;
				CLANG_WARN_OBJC_IMPLICIT_RETAIN_SELF = YES;
				CLANG_WARN_OBJC_LITERAL_CONVERSION = YES;
				CLANG_WARN_OBJC_ROOT_CLASS = YES_ERROR;
				CLANG_WARN_RANGE_LOOP_ANALYSIS = YES;
				CLANG_WARN_STRICT_PROTOTYPES = YES;
				CLANG_WARN_SUSPICIOUS_MOVE = YES;
				CLANG_WARN_UNGUARDED_AVAILABILITY = YES_AGGRESSIVE;
				CLANG_WARN_UNREACHABLE_CODE = YES;
				CLANG_WARN__DUPLICATE_METHOD_MATCH = YES;
				COPY_PHASE_STRIP = NO;
				DEBUG_INFORMATION_FORMAT = dwarf;
				ENABLE_STRICT_OBJC_MSGSEND = YES;
				ENABLE_TESTABILITY = YES;
				GCC_C_LANGUAGE_STANDARD = gnu11;
				GCC_DYNAMIC_NO_PIC = NO;
				GCC_NO_COMMON_BLOCKS = YES;
				GCC_OPTIMIZATION_LEVEL = 0;
				GCC_PREPROCESSOR_DEFINITIONS = (
					"DEBUG=1",
					"$(inherited)",
				);
				GCC_WARN_64_TO_32_BIT_CONVERSION = YES;
				GCC_WARN_ABOUT_RETURN_TYPE = YES_ERROR;
				GCC_WARN_UNDECLARED_SELECTOR = YES;
				GCC_WARN_UNINITIALIZED_AUTOS = YES_AGGRESSIVE;
				GCC_WARN_UNUSED_FUNCTION = YES;
				GCC_WARN_UNUSED_VARIABLE = YES;
				IPHONEOS_DEPLOYMENT_TARGET = 13.4;
				MTL_ENABLE_DEBUG_INFO = INCLUDE_SOURCE;
				MTL_FAST_MATH = YES;
				ONLY_ACTIVE_ARCH = YES;
				SDKROOT = iphoneos;
			};
			name = Debug;
		};
		5DF9DF7A2466165800B2199D /* Release */ = {
			isa = XCBuildConfiguration;
			buildSettings = {
				ALWAYS_SEARCH_USER_PATHS = NO;
				CLANG_ANALYZER_NONNULL = YES;
				CLANG_ANALYZER_NUMBER_OBJECT_CONVERSION = YES_AGGRESSIVE;
				CLANG_CXX_LANGUAGE_STANDARD = "gnu++14";
				CLANG_CXX_LIBRARY = "libc++";
				CLANG_ENABLE_MODULES = YES;
				CLANG_ENABLE_OBJC_ARC = YES;
				CLANG_ENABLE_OBJC_WEAK = YES;
				CLANG_WARN_BLOCK_CAPTURE_AUTORELEASING = YES;
				CLANG_WARN_BOOL_CONVERSION = YES;
				CLANG_WARN_COMMA = YES;
				CLANG_WARN_CONSTANT_CONVERSION = YES;
				CLANG_WARN_DEPRECATED_OBJC_IMPLEMENTATIONS = YES;
				CLANG_WARN_DIRECT_OBJC_ISA_USAGE = YES_ERROR;
				CLANG_WARN_DOCUMENTATION_COMMENTS = YES;
				CLANG_WARN_EMPTY_BODY = YES;
				CLANG_WARN_ENUM_CONVERSION = YES;
				CLANG_WARN_INFINITE_RECURSION = YES;
				CLANG_WARN_INT_CONVERSION = YES;
				CLANG_WARN_NON_LITERAL_NULL_CONVERSION = YES;
				CLANG_WARN_OBJC_IMPLICIT_RETAIN_SELF = YES;
				CLANG_WARN_OBJC_LITERAL_CONVERSION = YES;
				CLANG_WARN_OBJC_ROOT_CLASS = YES_ERROR;
				CLANG_WARN_RANGE_LOOP_ANALYSIS = YES;
				CLANG_WARN_STRICT_PROTOTYPES = YES;
				CLANG_WARN_SUSPICIOUS_MOVE = YES;
				CLANG_WARN_UNGUARDED_AVAILABILITY = YES_AGGRESSIVE;
				CLANG_WARN_UNREACHABLE_CODE = YES;
				CLANG_WARN__DUPLICATE_METHOD_MATCH = YES;
				COPY_PHASE_STRIP = NO;
				DEBUG_INFORMATION_FORMAT = "dwarf-with-dsym";
				ENABLE_NS_ASSERTIONS = NO;
				ENABLE_STRICT_OBJC_MSGSEND = YES;
				GCC_C_LANGUAGE_STANDARD = gnu11;
				GCC_NO_COMMON_BLOCKS = YES;
				GCC_WARN_64_TO_32_BIT_CONVERSION = YES;
				GCC_WARN_ABOUT_RETURN_TYPE = YES_ERROR;
				GCC_WARN_UNDECLARED_SELECTOR = YES;
				GCC_WARN_UNINITIALIZED_AUTOS = YES_AGGRESSIVE;
				GCC_WARN_UNUSED_FUNCTION = YES;
				GCC_WARN_UNUSED_VARIABLE = YES;
				IPHONEOS_DEPLOYMENT_TARGET = 13.4;
				MTL_ENABLE_DEBUG_INFO = NO;
				MTL_FAST_MATH = YES;
				SDKROOT = iphoneos;
				VALIDATE_PRODUCT = YES;
			};
			name = Release;
		};
		5DF9DF7C2466165800B2199D /* Debug */ = {
			isa = XCBuildConfiguration;
			buildSettings = {
				ASSETCATALOG_COMPILER_APPICON_NAME = AppIcon;
				CLANG_CXX_LANGUAGE_STANDARD = "c++17";
				CODE_SIGN_STYLE = Automatic;
				DEVELOPMENT_TEAM = 784YP5V58W;
				GCC_OPTIMIZATION_LEVEL = 0;
				INFOPLIST_FILE = UPSpell/Info.plist;
				LD_RUNPATH_SEARCH_PATHS = (
					"$(inherited)",
					"@executable_path/Frameworks",
				);
				PRODUCT_BUNDLE_IDENTIFIER = games.up.UPSpell;
				PRODUCT_NAME = "UP Spell";
				TARGETED_DEVICE_FAMILY = "1,2";
			};
			name = Debug;
		};
		5DF9DF7D2466165800B2199D /* Release */ = {
			isa = XCBuildConfiguration;
			buildSettings = {
				ASSETCATALOG_COMPILER_APPICON_NAME = AppIcon;
				CLANG_CXX_LANGUAGE_STANDARD = "c++17";
				CODE_SIGN_STYLE = Automatic;
				DEVELOPMENT_TEAM = 784YP5V58W;
				INFOPLIST_FILE = UPSpell/Info.plist;
				LD_RUNPATH_SEARCH_PATHS = (
					"$(inherited)",
					"@executable_path/Frameworks",
				);
				PRODUCT_BUNDLE_IDENTIFIER = games.up.UPSpell;
				PRODUCT_NAME = "UP Spell";
				TARGETED_DEVICE_FAMILY = "1,2";
			};
			name = Release;
		};
		5DF9DF7F2466165800B2199D /* Debug */ = {
			isa = XCBuildConfiguration;
			buildSettings = {
				BUNDLE_LOADER = "$(TEST_HOST)";
				CODE_SIGN_STYLE = Automatic;
				DEVELOPMENT_TEAM = 784YP5V58W;
				INFOPLIST_FILE = UPSpellTests/Info.plist;
				IPHONEOS_DEPLOYMENT_TARGET = 13.4;
				LD_RUNPATH_SEARCH_PATHS = (
					"$(inherited)",
					"@executable_path/Frameworks",
					"@loader_path/Frameworks",
				);
				PRODUCT_BUNDLE_IDENTIFIER = games.up.UPSpellTests;
				PRODUCT_NAME = "$(TARGET_NAME)";
				TARGETED_DEVICE_FAMILY = "1,2";
				TEST_HOST = "$(BUILT_PRODUCTS_DIR)/UPSpell.app/UPSpell";
			};
			name = Debug;
		};
		5DF9DF802466165800B2199D /* Release */ = {
			isa = XCBuildConfiguration;
			buildSettings = {
				BUNDLE_LOADER = "$(TEST_HOST)";
				CODE_SIGN_STYLE = Automatic;
				DEVELOPMENT_TEAM = 784YP5V58W;
				INFOPLIST_FILE = UPSpellTests/Info.plist;
				IPHONEOS_DEPLOYMENT_TARGET = 13.4;
				LD_RUNPATH_SEARCH_PATHS = (
					"$(inherited)",
					"@executable_path/Frameworks",
					"@loader_path/Frameworks",
				);
				PRODUCT_BUNDLE_IDENTIFIER = games.up.UPSpellTests;
				PRODUCT_NAME = "$(TARGET_NAME)";
				TARGETED_DEVICE_FAMILY = "1,2";
				TEST_HOST = "$(BUILT_PRODUCTS_DIR)/UPSpell.app/UPSpell";
			};
			name = Release;
		};
/* End XCBuildConfiguration section */

/* Begin XCConfigurationList section */
		5DF9DF522466165700B2199D /* Build configuration list for PBXProject "UPSpell" */ = {
			isa = XCConfigurationList;
			buildConfigurations = (
				5DF9DF792466165800B2199D /* Debug */,
				5DF9DF7A2466165800B2199D /* Release */,
			);
			defaultConfigurationIsVisible = 0;
			defaultConfigurationName = Release;
		};
		5DF9DF7B2466165800B2199D /* Build configuration list for PBXNativeTarget "UPSpell" */ = {
			isa = XCConfigurationList;
			buildConfigurations = (
				5DF9DF7C2466165800B2199D /* Debug */,
				5DF9DF7D2466165800B2199D /* Release */,
			);
			defaultConfigurationIsVisible = 0;
			defaultConfigurationName = Release;
		};
		5DF9DF7E2466165800B2199D /* Build configuration list for PBXNativeTarget "UPSpellTests" */ = {
			isa = XCConfigurationList;
			buildConfigurations = (
				5DF9DF7F2466165800B2199D /* Debug */,
				5DF9DF802466165800B2199D /* Release */,
			);
			defaultConfigurationIsVisible = 0;
			defaultConfigurationName = Release;
		};
/* End XCConfigurationList section */
	};
	rootObject = 5DF9DF4F2466165700B2199D /* Project object */;
}
