// !$*UTF8*$!
{
	archiveVersion = 1;
	classes = {
	};
	objectVersion = 50;
	objects = {

/* Begin PBXBuildFile section */
		5D37CAD924605F5A002D4D6B /* AppDelegate.m in Sources */ = {isa = PBXBuildFile; fileRef = 5D37CAD824605F5A002D4D6B /* AppDelegate.m */; };
		5D37CADC24605F5A002D4D6B /* SceneDelegate.m in Sources */ = {isa = PBXBuildFile; fileRef = 5D37CADB24605F5A002D4D6B /* SceneDelegate.m */; };
		5D37CADF24605F5A002D4D6B /* ViewController.m in Sources */ = {isa = PBXBuildFile; fileRef = 5D37CADE24605F5A002D4D6B /* ViewController.m */; };
		5D37CAE224605F5A002D4D6B /* Main.storyboard in Resources */ = {isa = PBXBuildFile; fileRef = 5D37CAE024605F5A002D4D6B /* Main.storyboard */; };
		5D37CAE424605F5D002D4D6B /* Assets.xcassets in Resources */ = {isa = PBXBuildFile; fileRef = 5D37CAE324605F5D002D4D6B /* Assets.xcassets */; };
		5D37CAE724605F5D002D4D6B /* LaunchScreen.storyboard in Resources */ = {isa = PBXBuildFile; fileRef = 5D37CAE524605F5D002D4D6B /* LaunchScreen.storyboard */; };
		5D37CAEA24605F5D002D4D6B /* main.m in Sources */ = {isa = PBXBuildFile; fileRef = 5D37CAE924605F5D002D4D6B /* main.m */; };
		5D37CAF5246060B1002D4D6B /* ColorPickerViewController.m in Sources */ = {isa = PBXBuildFile; fileRef = 5D37CAF3246060B1002D4D6B /* ColorPickerViewController.m */; };
		5D37CAF6246060B1002D4D6B /* ColorPickerViewController.xib in Resources */ = {isa = PBXBuildFile; fileRef = 5D37CAF4246060B1002D4D6B /* ColorPickerViewController.xib */; };
		5D37CAF924606906002D4D6B /* UpKit.framework in Frameworks */ = {isa = PBXBuildFile; fileRef = 5D37CAF824606906002D4D6B /* UpKit.framework */; };
		5D37CAFA24606906002D4D6B /* UpKit.framework in Embed Frameworks */ = {isa = PBXBuildFile; fileRef = 5D37CAF824606906002D4D6B /* UpKit.framework */; settings = {ATTRIBUTES = (CodeSignOnCopy, RemoveHeadersOnCopy, ); }; };
/* End PBXBuildFile section */

/* Begin PBXCopyFilesBuildPhase section */
		5D37CAFB24606906002D4D6B /* Embed Frameworks */ = {
			isa = PBXCopyFilesBuildPhase;
			buildActionMask = 2147483647;
			dstPath = "";
			dstSubfolderSpec = 10;
			files = (
				5D37CAFA24606906002D4D6B /* UpKit.framework in Embed Frameworks */,
			);
			name = "Embed Frameworks";
			runOnlyForDeploymentPostprocessing = 0;
		};
/* End PBXCopyFilesBuildPhase section */

/* Begin PBXFileReference section */
		5D37CAD424605F59002D4D6B /* UpPalette.app */ = {isa = PBXFileReference; explicitFileType = wrapper.application; includeInIndex = 0; path = UpPalette.app; sourceTree = BUILT_PRODUCTS_DIR; };
		5D37CAD724605F5A002D4D6B /* AppDelegate.h */ = {isa = PBXFileReference; lastKnownFileType = sourcecode.c.h; path = AppDelegate.h; sourceTree = "<group>"; };
		5D37CAD824605F5A002D4D6B /* AppDelegate.m */ = {isa = PBXFileReference; lastKnownFileType = sourcecode.c.objc; path = AppDelegate.m; sourceTree = "<group>"; };
		5D37CADA24605F5A002D4D6B /* SceneDelegate.h */ = {isa = PBXFileReference; lastKnownFileType = sourcecode.c.h; path = SceneDelegate.h; sourceTree = "<group>"; };
		5D37CADB24605F5A002D4D6B /* SceneDelegate.m */ = {isa = PBXFileReference; lastKnownFileType = sourcecode.c.objc; path = SceneDelegate.m; sourceTree = "<group>"; };
		5D37CADD24605F5A002D4D6B /* ViewController.h */ = {isa = PBXFileReference; lastKnownFileType = sourcecode.c.h; path = ViewController.h; sourceTree = "<group>"; };
		5D37CADE24605F5A002D4D6B /* ViewController.m */ = {isa = PBXFileReference; lastKnownFileType = sourcecode.c.objc; path = ViewController.m; sourceTree = "<group>"; };
		5D37CAE124605F5A002D4D6B /* Base */ = {isa = PBXFileReference; lastKnownFileType = file.storyboard; name = Base; path = Base.lproj/Main.storyboard; sourceTree = "<group>"; };
		5D37CAE324605F5D002D4D6B /* Assets.xcassets */ = {isa = PBXFileReference; lastKnownFileType = folder.assetcatalog; path = Assets.xcassets; sourceTree = "<group>"; };
		5D37CAE624605F5D002D4D6B /* Base */ = {isa = PBXFileReference; lastKnownFileType = file.storyboard; name = Base; path = Base.lproj/LaunchScreen.storyboard; sourceTree = "<group>"; };
		5D37CAE824605F5D002D4D6B /* Info.plist */ = {isa = PBXFileReference; lastKnownFileType = text.plist.xml; path = Info.plist; sourceTree = "<group>"; };
		5D37CAE924605F5D002D4D6B /* main.m */ = {isa = PBXFileReference; lastKnownFileType = sourcecode.c.objc; path = main.m; sourceTree = "<group>"; };
		5D37CAF2246060B1002D4D6B /* ColorPickerViewController.h */ = {isa = PBXFileReference; lastKnownFileType = sourcecode.c.h; path = ColorPickerViewController.h; sourceTree = "<group>"; };
		5D37CAF3246060B1002D4D6B /* ColorPickerViewController.m */ = {isa = PBXFileReference; lastKnownFileType = sourcecode.c.objc; path = ColorPickerViewController.m; sourceTree = "<group>"; };
		5D37CAF4246060B1002D4D6B /* ColorPickerViewController.xib */ = {isa = PBXFileReference; lastKnownFileType = file.xib; path = ColorPickerViewController.xib; sourceTree = "<group>"; };
		5D37CAF824606906002D4D6B /* UpKit.framework */ = {isa = PBXFileReference; explicitFileType = wrapper.framework; path = UpKit.framework; sourceTree = BUILT_PRODUCTS_DIR; };
/* End PBXFileReference section */

/* Begin PBXFrameworksBuildPhase section */
		5D37CAD124605F59002D4D6B /* Frameworks */ = {
			isa = PBXFrameworksBuildPhase;
			buildActionMask = 2147483647;
			files = (
				5D37CAF924606906002D4D6B /* UpKit.framework in Frameworks */,
			);
			runOnlyForDeploymentPostprocessing = 0;
		};
/* End PBXFrameworksBuildPhase section */

/* Begin PBXGroup section */
		5D37CACB24605F59002D4D6B = {
			isa = PBXGroup;
			children = (
				5D37CAD624605F59002D4D6B /* UpPalette */,
				5D37CAD524605F59002D4D6B /* Products */,
				5D37CAF724606906002D4D6B /* Frameworks */,
			);
			sourceTree = "<group>";
		};
		5D37CAD524605F59002D4D6B /* Products */ = {
			isa = PBXGroup;
			children = (
				5D37CAD424605F59002D4D6B /* UpPalette.app */,
			);
			name = Products;
			sourceTree = "<group>";
		};
		5D37CAD624605F59002D4D6B /* UpPalette */ = {
			isa = PBXGroup;
			children = (
				5D37CAD724605F5A002D4D6B /* AppDelegate.h */,
				5D37CAD824605F5A002D4D6B /* AppDelegate.m */,
				5D37CADA24605F5A002D4D6B /* SceneDelegate.h */,
				5D37CADB24605F5A002D4D6B /* SceneDelegate.m */,
				5D37CADD24605F5A002D4D6B /* ViewController.h */,
				5D37CADE24605F5A002D4D6B /* ViewController.m */,
				5D37CAE024605F5A002D4D6B /* Main.storyboard */,
				5D37CAE324605F5D002D4D6B /* Assets.xcassets */,
				5D37CAE524605F5D002D4D6B /* LaunchScreen.storyboard */,
				5D37CAE824605F5D002D4D6B /* Info.plist */,
				5D37CAE924605F5D002D4D6B /* main.m */,
				5D37CAF2246060B1002D4D6B /* ColorPickerViewController.h */,
				5D37CAF3246060B1002D4D6B /* ColorPickerViewController.m */,
				5D37CAF4246060B1002D4D6B /* ColorPickerViewController.xib */,
			);
			path = UpPalette;
			sourceTree = "<group>";
		};
		5D37CAF724606906002D4D6B /* Frameworks */ = {
			isa = PBXGroup;
			children = (
				5D37CAF824606906002D4D6B /* UpKit.framework */,
			);
			name = Frameworks;
			sourceTree = "<group>";
		};
/* End PBXGroup section */

/* Begin PBXNativeTarget section */
		5D37CAD324605F59002D4D6B /* UpPalette */ = {
			isa = PBXNativeTarget;
			buildConfigurationList = 5D37CAED24605F5D002D4D6B /* Build configuration list for PBXNativeTarget "UpPalette" */;
			buildPhases = (
				5D37CAD024605F59002D4D6B /* Sources */,
				5D37CAD124605F59002D4D6B /* Frameworks */,
				5D37CAD224605F59002D4D6B /* Resources */,
				5D37CAFB24606906002D4D6B /* Embed Frameworks */,
			);
			buildRules = (
			);
			dependencies = (
			);
			name = UpPalette;
			productName = UpPalette;
			productReference = 5D37CAD424605F59002D4D6B /* UpPalette.app */;
			productType = "com.apple.product-type.application";
		};
/* End PBXNativeTarget section */

/* Begin PBXProject section */
		5D37CACC24605F59002D4D6B /* Project object */ = {
			isa = PBXProject;
			attributes = {
				LastUpgradeCheck = 1140;
				ORGANIZATIONNAME = "Up-Games";
				TargetAttributes = {
					5D37CAD324605F59002D4D6B = {
						CreatedOnToolsVersion = 11.4.1;
					};
				};
			};
			buildConfigurationList = 5D37CACF24605F59002D4D6B /* Build configuration list for PBXProject "UpPalette" */;
			compatibilityVersion = "Xcode 9.3";
			developmentRegion = en;
			hasScannedForEncodings = 0;
			knownRegions = (
				en,
				Base,
			);
			mainGroup = 5D37CACB24605F59002D4D6B;
			productRefGroup = 5D37CAD524605F59002D4D6B /* Products */;
			projectDirPath = "";
			projectRoot = "";
			targets = (
				5D37CAD324605F59002D4D6B /* UpPalette */,
			);
		};
/* End PBXProject section */

/* Begin PBXResourcesBuildPhase section */
		5D37CAD224605F59002D4D6B /* Resources */ = {
			isa = PBXResourcesBuildPhase;
			buildActionMask = 2147483647;
			files = (
				5D37CAE724605F5D002D4D6B /* LaunchScreen.storyboard in Resources */,
				5D37CAE424605F5D002D4D6B /* Assets.xcassets in Resources */,
				5D37CAF6246060B1002D4D6B /* ColorPickerViewController.xib in Resources */,
				5D37CAE224605F5A002D4D6B /* Main.storyboard in Resources */,
			);
			runOnlyForDeploymentPostprocessing = 0;
		};
/* End PBXResourcesBuildPhase section */

/* Begin PBXSourcesBuildPhase section */
		5D37CAD024605F59002D4D6B /* Sources */ = {
			isa = PBXSourcesBuildPhase;
			buildActionMask = 2147483647;
			files = (
				5D37CADF24605F5A002D4D6B /* ViewController.m in Sources */,
				5D37CAF5246060B1002D4D6B /* ColorPickerViewController.m in Sources */,
				5D37CAD924605F5A002D4D6B /* AppDelegate.m in Sources */,
				5D37CAEA24605F5D002D4D6B /* main.m in Sources */,
				5D37CADC24605F5A002D4D6B /* SceneDelegate.m in Sources */,
			);
			runOnlyForDeploymentPostprocessing = 0;
		};
/* End PBXSourcesBuildPhase section */

/* Begin PBXVariantGroup section */
		5D37CAE024605F5A002D4D6B /* Main.storyboard */ = {
			isa = PBXVariantGroup;
			children = (
				5D37CAE124605F5A002D4D6B /* Base */,
			);
			name = Main.storyboard;
			sourceTree = "<group>";
		};
		5D37CAE524605F5D002D4D6B /* LaunchScreen.storyboard */ = {
			isa = PBXVariantGroup;
			children = (
				5D37CAE624605F5D002D4D6B /* Base */,
			);
			name = LaunchScreen.storyboard;
			sourceTree = "<group>";
		};
/* End PBXVariantGroup section */

/* Begin XCBuildConfiguration section */
		5D37CAEB24605F5D002D4D6B /* Debug */ = {
			isa = XCBuildConfiguration;
			buildSettings = {
				ALWAYS_SEARCH_USER_PATHS = NO;
				CLANG_ANALYZER_NONNULL = YES;
				CLANG_ANALYZER_NUMBER_OBJECT_CONVERSION = YES_AGGRESSIVE;
				CLANG_CXX_LANGUAGE_STANDARD = "gnu++14";
				CLANG_CXX_LIBRARY = "libc++";
				CLANG_ENABLE_MODULES = YES;
				CLANG_ENABLE_OBJC_ARC = YES;
				CLANG_ENABLE_OBJC_WEAK = YES;
				CLANG_WARN_BLOCK_CAPTURE_AUTORELEASING = YES;
				CLANG_WARN_BOOL_CONVERSION = YES;
				CLANG_WARN_COMMA = YES;
				CLANG_WARN_CONSTANT_CONVERSION = YES;
				CLANG_WARN_DEPRECATED_OBJC_IMPLEMENTATIONS = YES;
				CLANG_WARN_DIRECT_OBJC_ISA_USAGE = YES_ERROR;
				CLANG_WARN_DOCUMENTATION_COMMENTS = YES;
				CLANG_WARN_EMPTY_BODY = YES;
				CLANG_WARN_ENUM_CONVERSION = YES;
				CLANG_WARN_INFINITE_RECURSION = YES;
				CLANG_WARN_INT_CONVERSION = YES;
				CLANG_WARN_NON_LITERAL_NULL_CONVERSION = YES;
				CLANG_WARN_OBJC_IMPLICIT_RETAIN_SELF = YES;
				CLANG_WARN_OBJC_LITERAL_CONVERSION = YES;
				CLANG_WARN_OBJC_ROOT_CLASS = YES_ERROR;
				CLANG_WARN_RANGE_LOOP_ANALYSIS = YES;
				CLANG_WARN_STRICT_PROTOTYPES = YES;
				CLANG_WARN_SUSPICIOUS_MOVE = YES;
				CLANG_WARN_UNGUARDED_AVAILABILITY = YES_AGGRESSIVE;
				CLANG_WARN_UNREACHABLE_CODE = YES;
				CLANG_WARN__DUPLICATE_METHOD_MATCH = YES;
				COPY_PHASE_STRIP = NO;
				DEBUG_INFORMATION_FORMAT = dwarf;
				ENABLE_STRICT_OBJC_MSGSEND = YES;
				ENABLE_TESTABILITY = YES;
				GCC_C_LANGUAGE_STANDARD = gnu11;
				GCC_DYNAMIC_NO_PIC = NO;
				GCC_NO_COMMON_BLOCKS = YES;
				GCC_OPTIMIZATION_LEVEL = 0;
				GCC_PREPROCESSOR_DEFINITIONS = (
					"DEBUG=1",
					"$(inherited)",
				);
				GCC_WARN_64_TO_32_BIT_CONVERSION = YES;
				GCC_WARN_ABOUT_RETURN_TYPE = YES_ERROR;
				GCC_WARN_UNDECLARED_SELECTOR = YES;
				GCC_WARN_UNINITIALIZED_AUTOS = YES_AGGRESSIVE;
				GCC_WARN_UNUSED_FUNCTION = YES;
				GCC_WARN_UNUSED_VARIABLE = YES;
				IPHONEOS_DEPLOYMENT_TARGET = 13.4;
				MTL_ENABLE_DEBUG_INFO = INCLUDE_SOURCE;
				MTL_FAST_MATH = YES;
				ONLY_ACTIVE_ARCH = YES;
				SDKROOT = iphoneos;
			};
			name = Debug;
		};
		5D37CAEC24605F5D002D4D6B /* Release */ = {
			isa = XCBuildConfiguration;
			buildSettings = {
				ALWAYS_SEARCH_USER_PATHS = NO;
				CLANG_ANALYZER_NONNULL = YES;
				CLANG_ANALYZER_NUMBER_OBJECT_CONVERSION = YES_AGGRESSIVE;
				CLANG_CXX_LANGUAGE_STANDARD = "gnu++14";
				CLANG_CXX_LIBRARY = "libc++";
				CLANG_ENABLE_MODULES = YES;
				CLANG_ENABLE_OBJC_ARC = YES;
				CLANG_ENABLE_OBJC_WEAK = YES;
				CLANG_WARN_BLOCK_CAPTURE_AUTORELEASING = YES;
				CLANG_WARN_BOOL_CONVERSION = YES;
				CLANG_WARN_COMMA = YES;
				CLANG_WARN_CONSTANT_CONVERSION = YES;
				CLANG_WARN_DEPRECATED_OBJC_IMPLEMENTATIONS = YES;
				CLANG_WARN_DIRECT_OBJC_ISA_USAGE = YES_ERROR;
				CLANG_WARN_DOCUMENTATION_COMMENTS = YES;
				CLANG_WARN_EMPTY_BODY = YES;
				CLANG_WARN_ENUM_CONVERSION = YES;
				CLANG_WARN_INFINITE_RECURSION = YES;
				CLANG_WARN_INT_CONVERSION = YES;
				CLANG_WARN_NON_LITERAL_NULL_CONVERSION = YES;
				CLANG_WARN_OBJC_IMPLICIT_RETAIN_SELF = YES;
				CLANG_WARN_OBJC_LITERAL_CONVERSION = YES;
				CLANG_WARN_OBJC_ROOT_CLASS = YES_ERROR;
				CLANG_WARN_RANGE_LOOP_ANALYSIS = YES;
				CLANG_WARN_STRICT_PROTOTYPES = YES;
				CLANG_WARN_SUSPICIOUS_MOVE = YES;
				CLANG_WARN_UNGUARDED_AVAILABILITY = YES_AGGRESSIVE;
				CLANG_WARN_UNREACHABLE_CODE = YES;
				CLANG_WARN__DUPLICATE_METHOD_MATCH = YES;
				COPY_PHASE_STRIP = NO;
				DEBUG_INFORMATION_FORMAT = "dwarf-with-dsym";
				ENABLE_NS_ASSERTIONS = NO;
				ENABLE_STRICT_OBJC_MSGSEND = YES;
				GCC_C_LANGUAGE_STANDARD = gnu11;
				GCC_NO_COMMON_BLOCKS = YES;
				GCC_WARN_64_TO_32_BIT_CONVERSION = YES;
				GCC_WARN_ABOUT_RETURN_TYPE = YES_ERROR;
				GCC_WARN_UNDECLARED_SELECTOR = YES;
				GCC_WARN_UNINITIALIZED_AUTOS = YES_AGGRESSIVE;
				GCC_WARN_UNUSED_FUNCTION = YES;
				GCC_WARN_UNUSED_VARIABLE = YES;
				IPHONEOS_DEPLOYMENT_TARGET = 13.4;
				MTL_ENABLE_DEBUG_INFO = NO;
				MTL_FAST_MATH = YES;
				SDKROOT = iphoneos;
				VALIDATE_PRODUCT = YES;
			};
			name = Release;
		};
		5D37CAEE24605F5D002D4D6B /* Debug */ = {
			isa = XCBuildConfiguration;
			buildSettings = {
				ASSETCATALOG_COMPILER_APPICON_NAME = AppIcon;
				CODE_SIGN_STYLE = Automatic;
				DEVELOPMENT_TEAM = 784YP5V58W;
				INFOPLIST_FILE = UpPalette/Info.plist;
				LD_RUNPATH_SEARCH_PATHS = (
					"$(inherited)",
					"@executable_path/Frameworks",
				);
				PRODUCT_BUNDLE_IDENTIFIER = games.up.UpPalette;
				PRODUCT_NAME = "$(TARGET_NAME)";
				TARGETED_DEVICE_FAMILY = "1,2";
			};
			name = Debug;
		};
		5D37CAEF24605F5D002D4D6B /* Release */ = {
			isa = XCBuildConfiguration;
			buildSettings = {
				ASSETCATALOG_COMPILER_APPICON_NAME = AppIcon;
				CODE_SIGN_STYLE = Automatic;
				DEVELOPMENT_TEAM = 784YP5V58W;
				INFOPLIST_FILE = UpPalette/Info.plist;
				LD_RUNPATH_SEARCH_PATHS = (
					"$(inherited)",
					"@executable_path/Frameworks",
				);
				PRODUCT_BUNDLE_IDENTIFIER = games.up.UpPalette;
				PRODUCT_NAME = "$(TARGET_NAME)";
				TARGETED_DEVICE_FAMILY = "1,2";
			};
			name = Release;
		};
/* End XCBuildConfiguration section */

/* Begin XCConfigurationList section */
		5D37CACF24605F59002D4D6B /* Build configuration list for PBXProject "UpPalette" */ = {
			isa = XCConfigurationList;
			buildConfigurations = (
				5D37CAEB24605F5D002D4D6B /* Debug */,
				5D37CAEC24605F5D002D4D6B /* Release */,
			);
			defaultConfigurationIsVisible = 0;
			defaultConfigurationName = Release;
		};
		5D37CAED24605F5D002D4D6B /* Build configuration list for PBXNativeTarget "UpPalette" */ = {
			isa = XCConfigurationList;
			buildConfigurations = (
				5D37CAEE24605F5D002D4D6B /* Debug */,
				5D37CAEF24605F5D002D4D6B /* Release */,
			);
			defaultConfigurationIsVisible = 0;
			defaultConfigurationName = Release;
		};
/* End XCConfigurationList section */
	};
	rootObject = 5D37CACC24605F59002D4D6B /* Project object */;
}
